// !$*UTF8*$!
{
	archiveVersion = 1;
	classes = {
	};
	objectVersion = 50;
	objects = {

/* Begin PBXBuildFile section */
		C9143D2B22750FE60091E60F /* AppDelegate.swift in Sources */ = {isa = PBXBuildFile; fileRef = C9143D2A22750FE60091E60F /* AppDelegate.swift */; };
		C9143D2D22750FE60091E60F /* ViewController.swift in Sources */ = {isa = PBXBuildFile; fileRef = C9143D2C22750FE60091E60F /* ViewController.swift */; };
		C9143D3022750FE60091E60F /* Main.storyboard in Resources */ = {isa = PBXBuildFile; fileRef = C9143D2E22750FE60091E60F /* Main.storyboard */; };
		C9143D3222750FE70091E60F /* Assets.xcassets in Resources */ = {isa = PBXBuildFile; fileRef = C9143D3122750FE70091E60F /* Assets.xcassets */; };
		C9143D3522750FE70091E60F /* LaunchScreen.storyboard in Resources */ = {isa = PBXBuildFile; fileRef = C9143D3322750FE70091E60F /* LaunchScreen.storyboard */; };
		C9143D4022750FE80091E60F /* BudgetAppTests.swift in Sources */ = {isa = PBXBuildFile; fileRef = C9143D3F22750FE80091E60F /* BudgetAppTests.swift */; };
		C9143D4B2275101E0091E60F /* HomeViewController.swift in Sources */ = {isa = PBXBuildFile; fileRef = C9143D4A2275101E0091E60F /* HomeViewController.swift */; };
		C9B26EA52275128E009A4784 /* Budget.json in Resources */ = {isa = PBXBuildFile; fileRef = C9B26EA42275128E009A4784 /* Budget.json */; };
		C9B26EA722751354009A4784 /* HomeInteractor.swift in Sources */ = {isa = PBXBuildFile; fileRef = C9B26EA622751354009A4784 /* HomeInteractor.swift */; };
		C9B26EA922751445009A4784 /* GreetingTableViewCell.swift in Sources */ = {isa = PBXBuildFile; fileRef = C9B26EA822751445009A4784 /* GreetingTableViewCell.swift */; };
		C9B26EAB227521B4009A4784 /* UserBudgetData.swift in Sources */ = {isa = PBXBuildFile; fileRef = C9B26EAA227521B4009A4784 /* UserBudgetData.swift */; };
		C9B26EAD2275F353009A4784 /* HomeViewModel.swift in Sources */ = {isa = PBXBuildFile; fileRef = C9B26EAC2275F353009A4784 /* HomeViewModel.swift */; };
/* End PBXBuildFile section */

/* Begin PBXContainerItemProxy section */
		C9143D3C22750FE80091E60F /* PBXContainerItemProxy */ = {
			isa = PBXContainerItemProxy;
			containerPortal = C9143D1F22750FE60091E60F /* Project object */;
			proxyType = 1;
			remoteGlobalIDString = C9143D2622750FE60091E60F;
			remoteInfo = BudgetApp;
		};
/* End PBXContainerItemProxy section */

/* Begin PBXFileReference section */
		C9143D2722750FE60091E60F /* BudgetApp.app */ = {isa = PBXFileReference; explicitFileType = wrapper.application; includeInIndex = 0; path = BudgetApp.app; sourceTree = BUILT_PRODUCTS_DIR; };
		C9143D2A22750FE60091E60F /* AppDelegate.swift */ = {isa = PBXFileReference; lastKnownFileType = sourcecode.swift; path = AppDelegate.swift; sourceTree = "<group>"; };
		C9143D2C22750FE60091E60F /* ViewController.swift */ = {isa = PBXFileReference; lastKnownFileType = sourcecode.swift; path = ViewController.swift; sourceTree = "<group>"; };
		C9143D2F22750FE60091E60F /* Base */ = {isa = PBXFileReference; lastKnownFileType = file.storyboard; name = Base; path = Base.lproj/Main.storyboard; sourceTree = "<group>"; };
		C9143D3122750FE70091E60F /* Assets.xcassets */ = {isa = PBXFileReference; lastKnownFileType = folder.assetcatalog; path = Assets.xcassets; sourceTree = "<group>"; };
		C9143D3422750FE70091E60F /* Base */ = {isa = PBXFileReference; lastKnownFileType = file.storyboard; name = Base; path = Base.lproj/LaunchScreen.storyboard; sourceTree = "<group>"; };
		C9143D3622750FE70091E60F /* Info.plist */ = {isa = PBXFileReference; lastKnownFileType = text.plist.xml; path = Info.plist; sourceTree = "<group>"; };
		C9143D3B22750FE80091E60F /* BudgetAppTests.xctest */ = {isa = PBXFileReference; explicitFileType = wrapper.cfbundle; includeInIndex = 0; path = BudgetAppTests.xctest; sourceTree = BUILT_PRODUCTS_DIR; };
		C9143D3F22750FE80091E60F /* BudgetAppTests.swift */ = {isa = PBXFileReference; lastKnownFileType = sourcecode.swift; path = BudgetAppTests.swift; sourceTree = "<group>"; };
		C9143D4122750FE80091E60F /* Info.plist */ = {isa = PBXFileReference; lastKnownFileType = text.plist.xml; path = Info.plist; sourceTree = "<group>"; };
		C9143D4A2275101E0091E60F /* HomeViewController.swift */ = {isa = PBXFileReference; lastKnownFileType = sourcecode.swift; path = HomeViewController.swift; sourceTree = "<group>"; };
		C9B26EA42275128E009A4784 /* Budget.json */ = {isa = PBXFileReference; fileEncoding = 4; lastKnownFileType = text.json; path = Budget.json; sourceTree = "<group>"; };
		C9B26EA622751354009A4784 /* HomeInteractor.swift */ = {isa = PBXFileReference; lastKnownFileType = sourcecode.swift; path = HomeInteractor.swift; sourceTree = "<group>"; };
		C9B26EA822751445009A4784 /* GreetingTableViewCell.swift */ = {isa = PBXFileReference; lastKnownFileType = sourcecode.swift; path = GreetingTableViewCell.swift; sourceTree = "<group>"; };
		C9B26EAA227521B4009A4784 /* UserBudgetData.swift */ = {isa = PBXFileReference; lastKnownFileType = sourcecode.swift; path = UserBudgetData.swift; sourceTree = "<group>"; };
		C9B26EAC2275F353009A4784 /* HomeViewModel.swift */ = {isa = PBXFileReference; lastKnownFileType = sourcecode.swift; path = HomeViewModel.swift; sourceTree = "<group>"; };
/* End PBXFileReference section */

/* Begin PBXFrameworksBuildPhase section */
		C9143D2422750FE60091E60F /* Frameworks */ = {
			isa = PBXFrameworksBuildPhase;
			buildActionMask = 2147483647;
			files = (
			);
			runOnlyForDeploymentPostprocessing = 0;
		};
		C9143D3822750FE80091E60F /* Frameworks */ = {
			isa = PBXFrameworksBuildPhase;
			buildActionMask = 2147483647;
			files = (
			);
			runOnlyForDeploymentPostprocessing = 0;
		};
/* End PBXFrameworksBuildPhase section */

/* Begin PBXGroup section */
		C9143D1E22750FE60091E60F = {
			isa = PBXGroup;
			children = (
				C9143D2922750FE60091E60F /* BudgetApp */,
				C9143D3E22750FE80091E60F /* BudgetAppTests */,
				C9143D2822750FE60091E60F /* Products */,
			);
			sourceTree = "<group>";
		};
		C9143D2822750FE60091E60F /* Products */ = {
			isa = PBXGroup;
			children = (
				C9143D2722750FE60091E60F /* BudgetApp.app */,
				C9143D3B22750FE80091E60F /* BudgetAppTests.xctest */,
			);
			name = Products;
			sourceTree = "<group>";
		};
		C9143D2922750FE60091E60F /* BudgetApp */ = {
			isa = PBXGroup;
			children = (
				C9B26EA42275128E009A4784 /* Budget.json */,
				C9143D2A22750FE60091E60F /* AppDelegate.swift */,
				C9143D2C22750FE60091E60F /* ViewController.swift */,
				C9143D2E22750FE60091E60F /* Main.storyboard */,
				C9143D3122750FE70091E60F /* Assets.xcassets */,
				C9143D3322750FE70091E60F /* LaunchScreen.storyboard */,
				C9143D3622750FE70091E60F /* Info.plist */,
				C9143D4A2275101E0091E60F /* HomeViewController.swift */,
				C9B26EA622751354009A4784 /* HomeInteractor.swift */,
				C9B26EA822751445009A4784 /* GreetingTableViewCell.swift */,
				C9B26EAA227521B4009A4784 /* UserBudgetData.swift */,
				C9B26EAC2275F353009A4784 /* HomeViewModel.swift */,
			);
			path = BudgetApp;
			sourceTree = "<group>";
		};
		C9143D3E22750FE80091E60F /* BudgetAppTests */ = {
			isa = PBXGroup;
			children = (
				C9143D3F22750FE80091E60F /* BudgetAppTests.swift */,
				C9143D4122750FE80091E60F /* Info.plist */,
			);
			path = BudgetAppTests;
			sourceTree = "<group>";
		};
/* End PBXGroup section */

/* Begin PBXNativeTarget section */
		C9143D2622750FE60091E60F /* BudgetApp */ = {
			isa = PBXNativeTarget;
			buildConfigurationList = C9143D4422750FE80091E60F /* Build configuration list for PBXNativeTarget "BudgetApp" */;
			buildPhases = (
				C9143D2322750FE60091E60F /* Sources */,
				C9143D2422750FE60091E60F /* Frameworks */,
				C9143D2522750FE60091E60F /* Resources */,
			);
			buildRules = (
			);
			dependencies = (
			);
			name = BudgetApp;
			productName = BudgetApp;
			productReference = C9143D2722750FE60091E60F /* BudgetApp.app */;
			productType = "com.apple.product-type.application";
		};
		C9143D3A22750FE80091E60F /* BudgetAppTests */ = {
			isa = PBXNativeTarget;
			buildConfigurationList = C9143D4722750FE80091E60F /* Build configuration list for PBXNativeTarget "BudgetAppTests" */;
			buildPhases = (
				C9143D3722750FE80091E60F /* Sources */,
				C9143D3822750FE80091E60F /* Frameworks */,
				C9143D3922750FE80091E60F /* Resources */,
			);
			buildRules = (
			);
			dependencies = (
				C9143D3D22750FE80091E60F /* PBXTargetDependency */,
			);
			name = BudgetAppTests;
			productName = BudgetAppTests;
			productReference = C9143D3B22750FE80091E60F /* BudgetAppTests.xctest */;
			productType = "com.apple.product-type.bundle.unit-test";
		};
/* End PBXNativeTarget section */

/* Begin PBXProject section */
		C9143D1F22750FE60091E60F /* Project object */ = {
			isa = PBXProject;
			attributes = {
				LastSwiftUpdateCheck = 1010;
				LastUpgradeCheck = 1010;
				ORGANIZATIONNAME = "Kelly Morales";
				TargetAttributes = {
					C9143D2622750FE60091E60F = {
						CreatedOnToolsVersion = 10.1;
					};
					C9143D3A22750FE80091E60F = {
						CreatedOnToolsVersion = 10.1;
						TestTargetID = C9143D2622750FE60091E60F;
					};
				};
			};
			buildConfigurationList = C9143D2222750FE60091E60F /* Build configuration list for PBXProject "BudgetApp" */;
			compatibilityVersion = "Xcode 9.3";
			developmentRegion = en;
			hasScannedForEncodings = 0;
			knownRegions = (
				en,
				Base,
			);
			mainGroup = C9143D1E22750FE60091E60F;
			productRefGroup = C9143D2822750FE60091E60F /* Products */;
			projectDirPath = "";
			projectRoot = "";
			targets = (
				C9143D2622750FE60091E60F /* BudgetApp */,
				C9143D3A22750FE80091E60F /* BudgetAppTests */,
			);
		};
/* End PBXProject section */

/* Begin PBXResourcesBuildPhase section */
		C9143D2522750FE60091E60F /* Resources */ = {
			isa = PBXResourcesBuildPhase;
			buildActionMask = 2147483647;
			files = (
				C9143D3522750FE70091E60F /* LaunchScreen.storyboard in Resources */,
				C9143D3222750FE70091E60F /* Assets.xcassets in Resources */,
				C9B26EA52275128E009A4784 /* Budget.json in Resources */,
				C9143D3022750FE60091E60F /* Main.storyboard in Resources */,
			);
			runOnlyForDeploymentPostprocessing = 0;
		};
		C9143D3922750FE80091E60F /* Resources */ = {
			isa = PBXResourcesBuildPhase;
			buildActionMask = 2147483647;
			files = (
			);
			runOnlyForDeploymentPostprocessing = 0;
		};
/* End PBXResourcesBuildPhase section */

/* Begin PBXSourcesBuildPhase section */
		C9143D2322750FE60091E60F /* Sources */ = {
			isa = PBXSourcesBuildPhase;
			buildActionMask = 2147483647;
			files = (
				C9143D2D22750FE60091E60F /* ViewController.swift in Sources */,
				C9143D2B22750FE60091E60F /* AppDelegate.swift in Sources */,
				C9B26EAD2275F353009A4784 /* HomeViewModel.swift in Sources */,
				C9143D4B2275101E0091E60F /* HomeViewController.swift in Sources */,
				C9B26EAB227521B4009A4784 /* UserBudgetData.swift in Sources */,
				C9B26EA722751354009A4784 /* HomeInteractor.swift in Sources */,
				C9B26EA922751445009A4784 /* GreetingTableViewCell.swift in Sources */,
			);
			runOnlyForDeploymentPostprocessing = 0;
		};
		C9143D3722750FE80091E60F /* Sources */ = {
			isa = PBXSourcesBuildPhase;
			buildActionMask = 2147483647;
			files = (
				C9143D4022750FE80091E60F /* BudgetAppTests.swift in Sources */,
			);
			runOnlyForDeploymentPostprocessing = 0;
		};
/* End PBXSourcesBuildPhase section */

/* Begin PBXTargetDependency section */
		C9143D3D22750FE80091E60F /* PBXTargetDependency */ = {
			isa = PBXTargetDependency;
			target = C9143D2622750FE60091E60F /* BudgetApp */;
			targetProxy = C9143D3C22750FE80091E60F /* PBXContainerItemProxy */;
		};
/* End PBXTargetDependency section */

/* Begin PBXVariantGroup section */
		C9143D2E22750FE60091E60F /* Main.storyboard */ = {
			isa = PBXVariantGroup;
			children = (
				C9143D2F22750FE60091E60F /* Base */,
			);
			name = Main.storyboard;
			sourceTree = "<group>";
		};
		C9143D3322750FE70091E60F /* LaunchScreen.storyboard */ = {
			isa = PBXVariantGroup;
			children = (
				C9143D3422750FE70091E60F /* Base */,
			);
			name = LaunchScreen.storyboard;
			sourceTree = "<group>";
		};
/* End PBXVariantGroup section */

/* Begin XCBuildConfiguration section */
		C9143D4222750FE80091E60F /* Debug */ = {
			isa = XCBuildConfiguration;
			buildSettings = {
				ALWAYS_SEARCH_USER_PATHS = NO;
				CLANG_ANALYZER_NONNULL = YES;
				CLANG_ANALYZER_NUMBER_OBJECT_CONVERSION = YES_AGGRESSIVE;
				CLANG_CXX_LANGUAGE_STANDARD = "gnu++14";
				CLANG_CXX_LIBRARY = "libc++";
				CLANG_ENABLE_MODULES = YES;
				CLANG_ENABLE_OBJC_ARC = YES;
				CLANG_ENABLE_OBJC_WEAK = YES;
				CLANG_WARN_BLOCK_CAPTURE_AUTORELEASING = YES;
				CLANG_WARN_BOOL_CONVERSION = YES;
				CLANG_WARN_COMMA = YES;
				CLANG_WARN_CONSTANT_CONVERSION = YES;
				CLANG_WARN_DEPRECATED_OBJC_IMPLEMENTATIONS = YES;
				CLANG_WARN_DIRECT_OBJC_ISA_USAGE = YES_ERROR;
				CLANG_WARN_DOCUMENTATION_COMMENTS = YES;
				CLANG_WARN_EMPTY_BODY = YES;
				CLANG_WARN_ENUM_CONVERSION = YES;
				CLANG_WARN_INFINITE_RECURSION = YES;
				CLANG_WARN_INT_CONVERSION = YES;
				CLANG_WARN_NON_LITERAL_NULL_CONVERSION = YES;
				CLANG_WARN_OBJC_IMPLICIT_RETAIN_SELF = YES;
				CLANG_WARN_OBJC_LITERAL_CONVERSION = YES;
				CLANG_WARN_OBJC_ROOT_CLASS = YES_ERROR;
				CLANG_WARN_RANGE_LOOP_ANALYSIS = YES;
				CLANG_WARN_STRICT_PROTOTYPES = YES;
				CLANG_WARN_SUSPICIOUS_MOVE = YES;
				CLANG_WARN_UNGUARDED_AVAILABILITY = YES_AGGRESSIVE;
				CLANG_WARN_UNREACHABLE_CODE = YES;
				CLANG_WARN__DUPLICATE_METHOD_MATCH = YES;
				CODE_SIGN_IDENTITY = "iPhone Developer";
				COPY_PHASE_STRIP = NO;
				DEBUG_INFORMATION_FORMAT = dwarf;
				ENABLE_STRICT_OBJC_MSGSEND = YES;
				ENABLE_TESTABILITY = YES;
				GCC_C_LANGUAGE_STANDARD = gnu11;
				GCC_DYNAMIC_NO_PIC = NO;
				GCC_NO_COMMON_BLOCKS = YES;
				GCC_OPTIMIZATION_LEVEL = 0;
				GCC_PREPROCESSOR_DEFINITIONS = (
					"DEBUG=1",
					"$(inherited)",
				);
				GCC_WARN_64_TO_32_BIT_CONVERSION = YES;
				GCC_WARN_ABOUT_RETURN_TYPE = YES_ERROR;
				GCC_WARN_UNDECLARED_SELECTOR = YES;
				GCC_WARN_UNINITIALIZED_AUTOS = YES_AGGRESSIVE;
				GCC_WARN_UNUSED_FUNCTION = YES;
				GCC_WARN_UNUSED_VARIABLE = YES;
				IPHONEOS_DEPLOYMENT_TARGET = 12.1;
				MTL_ENABLE_DEBUG_INFO = INCLUDE_SOURCE;
				MTL_FAST_MATH = YES;
				ONLY_ACTIVE_ARCH = YES;
				SDKROOT = iphoneos;
				SWIFT_ACTIVE_COMPILATION_CONDITIONS = DEBUG;
				SWIFT_OPTIMIZATION_LEVEL = "-Onone";
			};
			name = Debug;
		};
		C9143D4322750FE80091E60F /* Release */ = {
			isa = XCBuildConfiguration;
			buildSettings = {
				ALWAYS_SEARCH_USER_PATHS = NO;
				CLANG_ANALYZER_NONNULL = YES;
				CLANG_ANALYZER_NUMBER_OBJECT_CONVERSION = YES_AGGRESSIVE;
				CLANG_CXX_LANGUAGE_STANDARD = "gnu++14";
				CLANG_CXX_LIBRARY = "libc++";
				CLANG_ENABLE_MODULES = YES;
				CLANG_ENABLE_OBJC_ARC = YES;
				CLANG_ENABLE_OBJC_WEAK = YES;
				CLANG_WARN_BLOCK_CAPTURE_AUTORELEASING = YES;
				CLANG_WARN_BOOL_CONVERSION = YES;
				CLANG_WARN_COMMA = YES;
				CLANG_WARN_CONSTANT_CONVERSION = YES;
				CLANG_WARN_DEPRECATED_OBJC_IMPLEMENTATIONS = YES;
				CLANG_WARN_DIRECT_OBJC_ISA_USAGE = YES_ERROR;
				CLANG_WARN_DOCUMENTATION_COMMENTS = YES;
				CLANG_WARN_EMPTY_BODY = YES;
				CLANG_WARN_ENUM_CONVERSION = YES;
				CLANG_WARN_INFINITE_RECURSION = YES;
				CLANG_WARN_INT_CONVERSION = YES;
				CLANG_WARN_NON_LITERAL_NULL_CONVERSION = YES;
				CLANG_WARN_OBJC_IMPLICIT_RETAIN_SELF = YES;
				CLANG_WARN_OBJC_LITERAL_CONVERSION = YES;
				CLANG_WARN_OBJC_ROOT_CLASS = YES_ERROR;
				CLANG_WARN_RANGE_LOOP_ANALYSIS = YES;
				CLANG_WARN_STRICT_PROTOTYPES = YES;
				CLANG_WARN_SUSPICIOUS_MOVE = YES;
				CLANG_WARN_UNGUARDED_AVAILABILITY = YES_AGGRESSIVE;
				CLANG_WARN_UNREACHABLE_CODE = YES;
				CLANG_WARN__DUPLICATE_METHOD_MATCH = YES;
				CODE_SIGN_IDENTITY = "iPhone Developer";
				COPY_PHASE_STRIP = NO;
				DEBUG_INFORMATION_FORMAT = "dwarf-with-dsym";
				ENABLE_NS_ASSERTIONS = NO;
				ENABLE_STRICT_OBJC_MSGSEND = YES;
				GCC_C_LANGUAGE_STANDARD = gnu11;
				GCC_NO_COMMON_BLOCKS = YES;
				GCC_WARN_64_TO_32_BIT_CONVERSION = YES;
				GCC_WARN_ABOUT_RETURN_TYPE = YES_ERROR;
				GCC_WARN_UNDECLARED_SELECTOR = YES;
				GCC_WARN_UNINITIALIZED_AUTOS = YES_AGGRESSIVE;
				GCC_WARN_UNUSED_FUNCTION = YES;
				GCC_WARN_UNUSED_VARIABLE = YES;
				IPHONEOS_DEPLOYMENT_TARGET = 12.1;
				MTL_ENABLE_DEBUG_INFO = NO;
				MTL_FAST_MATH = YES;
				SDKROOT = iphoneos;
				SWIFT_COMPILATION_MODE = wholemodule;
				SWIFT_OPTIMIZATION_LEVEL = "-O";
				VALIDATE_PRODUCT = YES;
			};
			name = Release;
		};
		C9143D4522750FE80091E60F /* Debug */ = {
			isa = XCBuildConfiguration;
			buildSettings = {
				ASSETCATALOG_COMPILER_APPICON_NAME = AppIcon;
				CODE_SIGN_STYLE = Automatic;
				DEVELOPMENT_TEAM = L3945CAPSN;
				INFOPLIST_FILE = BudgetApp/Info.plist;
				LD_RUNPATH_SEARCH_PATHS = (
					"$(inherited)",
					"@executable_path/Frameworks",
				);
				PRODUCT_BUNDLE_IDENTIFIER = com.KellyMorales.BudgetApp;
				PRODUCT_NAME = "$(TARGET_NAME)";
				SWIFT_VERSION = 4.2;
				TARGETED_DEVICE_FAMILY = "1,2";
			};
			name = Debug;
		};
		C9143D4622750FE80091E60F /* Release */ = {
			isa = XCBuildConfiguration;
			buildSettings = {
				ASSETCATALOG_COMPILER_APPICON_NAME = AppIcon;
				CODE_SIGN_STYLE = Automatic;
				DEVELOPMENT_TEAM = L3945CAPSN;
				INFOPLIST_FILE = BudgetApp/Info.plist;
				LD_RUNPATH_SEARCH_PATHS = (
					"$(inherited)",
					"@executable_path/Frameworks",
				);
				PRODUCT_BUNDLE_IDENTIFIER = com.KellyMorales.BudgetApp;
				PRODUCT_NAME = "$(TARGET_NAME)";
				SWIFT_VERSION = 4.2;
				TARGETED_DEVICE_FAMILY = "1,2";
			};
			name = Release;
		};
		C9143D4822750FE80091E60F /* Debug */ = {
			isa = XCBuildConfiguration;
			buildSettings = {
				ALWAYS_EMBED_SWIFT_STANDARD_LIBRARIES = YES;
				BUNDLE_LOADER = "$(TEST_HOST)";
				CODE_SIGN_STYLE = Automatic;
				DEVELOPMENT_TEAM = L3945CAPSN;
				INFOPLIST_FILE = BudgetAppTests/Info.plist;
				LD_RUNPATH_SEARCH_PATHS = (
					"$(inherited)",
					"@executable_path/Frameworks",
					"@loader_path/Frameworks",
				);
				PRODUCT_BUNDLE_IDENTIFIER = com.KellyMorales.BudgetAppTests;
				PRODUCT_NAME = "$(TARGET_NAME)";
				SWIFT_VERSION = 4.2;
				TARGETED_DEVICE_FAMILY = "1,2";
				TEST_HOST = "$(BUILT_PRODUCTS_DIR)/BudgetApp.app/BudgetApp";
			};
			name = Debug;
		};
		C9143D4922750FE80091E60F /* Release */ = {
			isa = XCBuildConfiguration;
			buildSettings = {
				ALWAYS_EMBED_SWIFT_STANDARD_LIBRARIES = YES;
				BUNDLE_LOADER = "$(TEST_HOST)";
				CODE_SIGN_STYLE = Automatic;
				DEVELOPMENT_TEAM = L3945CAPSN;
				INFOPLIST_FILE = BudgetAppTests/Info.plist;
				LD_RUNPATH_SEARCH_PATHS = (
					"$(inherited)",
					"@executable_path/Frameworks",
					"@loader_path/Frameworks",
				);
				PRODUCT_BUNDLE_IDENTIFIER = com.KellyMorales.BudgetAppTests;
				PRODUCT_NAME = "$(TARGET_NAME)";
				SWIFT_VERSION = 4.2;
				TARGETED_DEVICE_FAMILY = "1,2";
				TEST_HOST = "$(BUILT_PRODUCTS_DIR)/BudgetApp.app/BudgetApp";
			};
			name = Release;
		};
/* End XCBuildConfiguration section */

/* Begin XCConfigurationList section */
		C9143D2222750FE60091E60F /* Build configuration list for PBXProject "BudgetApp" */ = {
			isa = XCConfigurationList;
			buildConfigurations = (
				C9143D4222750FE80091E60F /* Debug */,
				C9143D4322750FE80091E60F /* Release */,
			);
			defaultConfigurationIsVisible = 0;
			defaultConfigurationName = Release;
		};
		C9143D4422750FE80091E60F /* Build configuration list for PBXNativeTarget "BudgetApp" */ = {
			isa = XCConfigurationList;
			buildConfigurations = (
				C9143D4522750FE80091E60F /* Debug */,
				C9143D4622750FE80091E60F /* Release */,
			);
			defaultConfigurationIsVisible = 0;
			defaultConfigurationName = Release;
		};
		C9143D4722750FE80091E60F /* Build configuration list for PBXNativeTarget "BudgetAppTests" */ = {
			isa = XCConfigurationList;
			buildConfigurations = (
				C9143D4822750FE80091E60F /* Debug */,
				C9143D4922750FE80091E60F /* Release */,
			);
			defaultConfigurationIsVisible = 0;
			defaultConfigurationName = Release;
		};
/* End XCConfigurationList section */
	};
	rootObject = C9143D1F22750FE60091E60F /* Project object */;
}
